Microsoft Visual Studio Solution File, Format Version 12.00
# Visual Studio Version 16
VisualStudioVersion = 16.0.29613.14
MinimumVisualStudioVersion = 10.0.40219.1
Project("{9A19103F-16F7-4668-BE54-9A1E7A4F7556}") = "BlueBoxMoon.Data.EntityFramework", "BlueBoxMoon.Data.EntityFramework\BlueBoxMoon.Data.EntityFramework.csproj", "{380450DC-0F58-4D10-8D36-21485575FE7F}"
EndProject
Project("{9A19103F-16F7-4668-BE54-9A1E7A4F7556}") = "BlueBoxMoon.Data.EntityFramework.Sqlite", "BlueBoxMoon.Data.EntityFramework.Sqlite\BlueBoxMoon.Data.EntityFramework.Sqlite.csproj", "{96DF1298-3371-44F5-813D-627DFF4A6D4F}"
EndProject
Project("{FAE04EC0-301F-11D3-BF4B-00C04F79EFBC}") = "Console.Runner", "Console.Runner\Console.Runner.csproj", "{CDE42EDF-D6D2-48AF-B894-0767F3AB0950}"
EndProject
Project("{FAE04EC0-301F-11D3-BF4B-00C04F79EFBC}") = "BlueBoxMoon.Data.EntityFramework.Cache", "BlueBoxMoon.Data.EntityFramework.Cache\BlueBoxMoon.Data.EntityFramework.Cache.csproj", "{049D09F4-4FBA-44F9-832C-141FA735812E}"
EndProject
Project("{FAE04EC0-301F-11D3-BF4B-00C04F79EFBC}") = "BlueBoxMoon.Data.EntityFramework.EntityTypes", "BlueBoxMoon.Data.EntityFramework.EntityTypes\BlueBoxMoon.Data.EntityFramework.EntityTypes.csproj", "{39CF6722-44E7-435A-B9E8-69E83409400B}"
EndProject
Project("{FAE04EC0-301F-11D3-BF4B-00C04F79EFBC}") = "BlueBoxMoon.Data.EntityFramework.Facets", "BlueBoxMoon.Data.EntityFramework.Facets\BlueBoxMoon.Data.EntityFramework.Facets.csproj", "{8D6FFB9B-6E07-463C-8F54-6CA26B684BE6}"
EndProject
Project("{FAE04EC0-301F-11D3-BF4B-00C04F79EFBC}") = "BlueBoxMoon.Data.EntityFramework.Tests", "BlueBoxMoon.Data.EntityFramework.Tests\BlueBoxMoon.Data.EntityFramework.Tests.csproj", "{F1743F7F-7D83-4252-AC5E-59C8A0618570}"
EndProject
Global
	GlobalSection(SolutionConfigurationPlatforms) = preSolution
		Debug|Any CPU = Debug|Any CPU
		Release|Any CPU = Release|Any CPU
	EndGlobalSection
	GlobalSection(ProjectConfigurationPlatforms) = postSolution
		{380450DC-0F58-4D10-8D36-21485575FE7F}.Debug|Any CPU.ActiveCfg = Debug|Any CPU
		{380450DC-0F58-4D10-8D36-21485575FE7F}.Debug|Any CPU.Build.0 = Debug|Any CPU
		{380450DC-0F58-4D10-8D36-21485575FE7F}.Release|Any CPU.ActiveCfg = Release|Any CPU
		{380450DC-0F58-4D10-8D36-21485575FE7F}.Release|Any CPU.Build.0 = Release|Any CPU
		{96DF1298-3371-44F5-813D-627DFF4A6D4F}.Debug|Any CPU.ActiveCfg = Debug|Any CPU
		{96DF1298-3371-44F5-813D-627DFF4A6D4F}.Debug|Any CPU.Build.0 = Debug|Any CPU
		{96DF1298-3371-44F5-813D-627DFF4A6D4F}.Release|Any CPU.ActiveCfg = Release|Any CPU
		{96DF1298-3371-44F5-813D-627DFF4A6D4F}.Release|Any CPU.Build.0 = Release|Any CPU
		{CDE42EDF-D6D2-48AF-B894-0767F3AB0950}.Debug|Any CPU.ActiveCfg = Debug|Any CPU
		{CDE42EDF-D6D2-48AF-B894-0767F3AB0950}.Debug|Any CPU.Build.0 = Debug|Any CPU
		{CDE42EDF-D6D2-48AF-B894-0767F3AB0950}.Release|Any CPU.ActiveCfg = Release|Any CPU
		{CDE42EDF-D6D2-48AF-B894-0767F3AB0950}.Release|Any CPU.Build.0 = Release|Any CPU
		{049D09F4-4FBA-44F9-832C-141FA735812E}.Debug|Any CPU.ActiveCfg = Debug|Any CPU
		{049D09F4-4FBA-44F9-832C-141FA735812E}.Debug|Any CPU.Build.0 = Debug|Any CPU
		{049D09F4-4FBA-44F9-832C-141FA735812E}.Release|Any CPU.ActiveCfg = Release|Any CPU
		{049D09F4-4FBA-44F9-832C-141FA735812E}.Release|Any CPU.Build.0 = Release|Any CPU
		{39CF6722-44E7-435A-B9E8-69E83409400B}.Debug|Any CPU.ActiveCfg = Debug|Any CPU
		{39CF6722-44E7-435A-B9E8-69E83409400B}.Debug|Any CPU.Build.0 = Debug|Any CPU
		{39CF6722-44E7-435A-B9E8-69E83409400B}.Release|Any CPU.ActiveCfg = Release|Any CPU
		{39CF6722-44E7-435A-B9E8-69E83409400B}.Release|Any CPU.Build.0 = Release|Any CPU
		{8D6FFB9B-6E07-463C-8F54-6CA26B684BE6}.Debug|Any CPU.ActiveCfg = Debug|Any CPU
		{8D6FFB9B-6E07-463C-8F54-6CA26B684BE6}.Debug|Any CPU.Build.0 = Debug|Any CPU
		{8D6FFB9B-6E07-463C-8F54-6CA26B684BE6}.Release|Any CPU.ActiveCfg = Release|Any CPU
		{8D6FFB9B-6E07-463C-8F54-6CA26B684BE6}.Release|Any CPU.Build.0 = Release|Any CPU
		{F1743F7F-7D83-4252-AC5E-59C8A0618570}.Debug|Any CPU.ActiveCfg = Debug|Any CPU
		{F1743F7F-7D83-4252-AC5E-59C8A0618570}.Debug|Any CPU.Build.0 = Debug|Any CPU
		{F1743F7F-7D83-4252-AC5E-59C8A0618570}.Release|Any CPU.ActiveCfg = Release|Any CPU
		{F1743F7F-7D83-4252-AC5E-59C8A0618570}.Release|Any CPU.Build.0 = Release|Any CPU
	EndGlobalSection
	GlobalSection(SolutionProperties) = preSolution
		HideSolutionNode = FALSE
	EndGlobalSection
	GlobalSection(ExtensibilityGlobals) = postSolution
		SolutionGuid = {2498358B-416D-4A08-ADEF-BBB74510BB17}
	EndGlobalSection
	GlobalSection(MonoDevelopProperties) = preSolution
		version = 0.5
	EndGlobalSection
EndGlobal
